
Microsoft Visual Studio Solution File, Format Version 12.00
# Visual Studio 15
VisualStudioVersion = 15.0.26430.14
MinimumVisualStudioVersion = 10.0.40219.1
Project("{2150E333-8FDC-42A3-9474-1A3956D46DE8}") = "src", "src", "{E52A3847-0247-47E5-8409-69F5B7B3955E}"
EndProject
Project("{2150E333-8FDC-42A3-9474-1A3956D46DE8}") = "Solution Items", "Solution Items", "{397298FE-FE56-4419-92A5-D1207C7C0CA4}"
EndProject
Project("{9A19103F-16F7-4668-BE54-9A1E7A4F7556}") = "ClarkNet.WebPortal", "src\ClarkNetWebPortal\ClarkNet.WebPortal.csproj", "{BED52461-70D8-4D55-98B3-11D5377CF919}"
EndProject
Project("{FAE04EC0-301F-11D3-BF4B-00C04F79EFBC}") = "ClarkNet.App", "ClarkNet.App\ClarkNet.App.csproj", "{AAC905C0-9DF1-4478-A176-EE46D1560DFB}"
EndProject
Project("{FAE04EC0-301F-11D3-BF4B-00C04F79EFBC}") = "ClarkNet.VoiceService", "ClarkNet.VoiceService\ClarkNet.VoiceService.csproj", "{03D16D16-9884-4CF8-A22D-DAD27B61D928}"
EndProject
Project("{FAE04EC0-301F-11D3-BF4B-00C04F79EFBC}") = "ClarkNet.ProcessService", "ClarkNet.ProcessService\ClarkNet.ProcessService.csproj", "{02B9AF4A-EA4A-443A-A0EF-2C662C5D1C85}"
EndProject
Project("{FAE04EC0-301F-11D3-BF4B-00C04F79EFBC}") = "NPVRManager", "NPVRManager\NPVRManager.csproj", "{3A74764F-3433-4547-BA3A-E9559504D711}"
EndProject
Global
	GlobalSection(SolutionConfigurationPlatforms) = preSolution
		Debug|Any CPU = Debug|Any CPU
		Debug|ARM = Debug|ARM
		Debug|x64 = Debug|x64
		Debug|x86 = Debug|x86
		Release|Any CPU = Release|Any CPU
		Release|ARM = Release|ARM
		Release|x64 = Release|x64
		Release|x86 = Release|x86
	EndGlobalSection
	GlobalSection(ProjectConfigurationPlatforms) = postSolution
		{BED52461-70D8-4D55-98B3-11D5377CF919}.Debug|Any CPU.ActiveCfg = Debug|Any CPU
		{BED52461-70D8-4D55-98B3-11D5377CF919}.Debug|Any CPU.Build.0 = Debug|Any CPU
		{BED52461-70D8-4D55-98B3-11D5377CF919}.Debug|ARM.ActiveCfg = Debug|Any CPU
		{BED52461-70D8-4D55-98B3-11D5377CF919}.Debug|ARM.Build.0 = Debug|Any CPU
		{BED52461-70D8-4D55-98B3-11D5377CF919}.Debug|x64.ActiveCfg = Debug|Any CPU
		{BED52461-70D8-4D55-98B3-11D5377CF919}.Debug|x64.Build.0 = Debug|Any CPU
		{BED52461-70D8-4D55-98B3-11D5377CF919}.Debug|x86.ActiveCfg = Debug|Any CPU
		{BED52461-70D8-4D55-98B3-11D5377CF919}.Debug|x86.Build.0 = Debug|Any CPU
		{BED52461-70D8-4D55-98B3-11D5377CF919}.Release|Any CPU.ActiveCfg = Release|Any CPU
		{BED52461-70D8-4D55-98B3-11D5377CF919}.Release|Any CPU.Build.0 = Release|Any CPU
		{BED52461-70D8-4D55-98B3-11D5377CF919}.Release|ARM.ActiveCfg = Release|Any CPU
		{BED52461-70D8-4D55-98B3-11D5377CF919}.Release|ARM.Build.0 = Release|Any CPU
		{BED52461-70D8-4D55-98B3-11D5377CF919}.Release|x64.ActiveCfg = Release|Any CPU
		{BED52461-70D8-4D55-98B3-11D5377CF919}.Release|x64.Build.0 = Release|Any CPU
		{BED52461-70D8-4D55-98B3-11D5377CF919}.Release|x86.ActiveCfg = Release|Any CPU
		{BED52461-70D8-4D55-98B3-11D5377CF919}.Release|x86.Build.0 = Release|Any CPU
		{AAC905C0-9DF1-4478-A176-EE46D1560DFB}.Debug|Any CPU.ActiveCfg = Debug|x86
		{AAC905C0-9DF1-4478-A176-EE46D1560DFB}.Debug|ARM.ActiveCfg = Debug|ARM
		{AAC905C0-9DF1-4478-A176-EE46D1560DFB}.Debug|ARM.Build.0 = Debug|ARM
		{AAC905C0-9DF1-4478-A176-EE46D1560DFB}.Debug|ARM.Deploy.0 = Debug|ARM
		{AAC905C0-9DF1-4478-A176-EE46D1560DFB}.Debug|x64.ActiveCfg = Debug|x64
		{AAC905C0-9DF1-4478-A176-EE46D1560DFB}.Debug|x64.Build.0 = Debug|x64
		{AAC905C0-9DF1-4478-A176-EE46D1560DFB}.Debug|x64.Deploy.0 = Debug|x64
		{AAC905C0-9DF1-4478-A176-EE46D1560DFB}.Debug|x86.ActiveCfg = Debug|x86
		{AAC905C0-9DF1-4478-A176-EE46D1560DFB}.Debug|x86.Build.0 = Debug|x86
		{AAC905C0-9DF1-4478-A176-EE46D1560DFB}.Debug|x86.Deploy.0 = Debug|x86
		{AAC905C0-9DF1-4478-A176-EE46D1560DFB}.Release|Any CPU.ActiveCfg = Release|x86
		{AAC905C0-9DF1-4478-A176-EE46D1560DFB}.Release|ARM.ActiveCfg = Release|ARM
		{AAC905C0-9DF1-4478-A176-EE46D1560DFB}.Release|ARM.Build.0 = Release|ARM
		{AAC905C0-9DF1-4478-A176-EE46D1560DFB}.Release|ARM.Deploy.0 = Release|ARM
		{AAC905C0-9DF1-4478-A176-EE46D1560DFB}.Release|x64.ActiveCfg = Release|x64
		{AAC905C0-9DF1-4478-A176-EE46D1560DFB}.Release|x64.Build.0 = Release|x64
		{AAC905C0-9DF1-4478-A176-EE46D1560DFB}.Release|x64.Deploy.0 = Release|x64
		{AAC905C0-9DF1-4478-A176-EE46D1560DFB}.Release|x86.ActiveCfg = Release|x86
		{AAC905C0-9DF1-4478-A176-EE46D1560DFB}.Release|x86.Build.0 = Release|x86
		{AAC905C0-9DF1-4478-A176-EE46D1560DFB}.Release|x86.Deploy.0 = Release|x86
		{03D16D16-9884-4CF8-A22D-DAD27B61D928}.Debug|Any CPU.ActiveCfg = Debug|Any CPU
		{03D16D16-9884-4CF8-A22D-DAD27B61D928}.Debug|Any CPU.Build.0 = Debug|Any CPU
		{03D16D16-9884-4CF8-A22D-DAD27B61D928}.Debug|ARM.ActiveCfg = Debug|ARM
		{03D16D16-9884-4CF8-A22D-DAD27B61D928}.Debug|ARM.Build.0 = Debug|ARM
		{03D16D16-9884-4CF8-A22D-DAD27B61D928}.Debug|x64.ActiveCfg = Debug|x64
		{03D16D16-9884-4CF8-A22D-DAD27B61D928}.Debug|x64.Build.0 = Debug|x64
		{03D16D16-9884-4CF8-A22D-DAD27B61D928}.Debug|x86.ActiveCfg = Debug|x86
		{03D16D16-9884-4CF8-A22D-DAD27B61D928}.Debug|x86.Build.0 = Debug|x86
		{03D16D16-9884-4CF8-A22D-DAD27B61D928}.Release|Any CPU.ActiveCfg = Release|Any CPU
		{03D16D16-9884-4CF8-A22D-DAD27B61D928}.Release|Any CPU.Build.0 = Release|Any CPU
		{03D16D16-9884-4CF8-A22D-DAD27B61D928}.Release|ARM.ActiveCfg = Release|ARM
		{03D16D16-9884-4CF8-A22D-DAD27B61D928}.Release|ARM.Build.0 = Release|ARM
		{03D16D16-9884-4CF8-A22D-DAD27B61D928}.Release|x64.ActiveCfg = Release|x64
		{03D16D16-9884-4CF8-A22D-DAD27B61D928}.Release|x64.Build.0 = Release|x64
		{03D16D16-9884-4CF8-A22D-DAD27B61D928}.Release|x86.ActiveCfg = Release|x86
		{03D16D16-9884-4CF8-A22D-DAD27B61D928}.Release|x86.Build.0 = Release|x86
		{02B9AF4A-EA4A-443A-A0EF-2C662C5D1C85}.Debug|Any CPU.ActiveCfg = Debug|Any CPU
		{02B9AF4A-EA4A-443A-A0EF-2C662C5D1C85}.Debug|Any CPU.Build.0 = Debug|Any CPU
		{02B9AF4A-EA4A-443A-A0EF-2C662C5D1C85}.Debug|ARM.ActiveCfg = Debug|Any CPU
		{02B9AF4A-EA4A-443A-A0EF-2C662C5D1C85}.Debug|ARM.Build.0 = Debug|Any CPU
		{02B9AF4A-EA4A-443A-A0EF-2C662C5D1C85}.Debug|x64.ActiveCfg = Debug|Any CPU
		{02B9AF4A-EA4A-443A-A0EF-2C662C5D1C85}.Debug|x64.Build.0 = Debug|Any CPU
		{02B9AF4A-EA4A-443A-A0EF-2C662C5D1C85}.Debug|x86.ActiveCfg = Debug|Any CPU
		{02B9AF4A-EA4A-443A-A0EF-2C662C5D1C85}.Debug|x86.Build.0 = Debug|Any CPU
		{02B9AF4A-EA4A-443A-A0EF-2C662C5D1C85}.Release|Any CPU.ActiveCfg = Release|Any CPU
		{02B9AF4A-EA4A-443A-A0EF-2C662C5D1C85}.Release|Any CPU.Build.0 = Release|Any CPU
		{02B9AF4A-EA4A-443A-A0EF-2C662C5D1C85}.Release|ARM.ActiveCfg = Release|Any CPU
		{02B9AF4A-EA4A-443A-A0EF-2C662C5D1C85}.Release|ARM.Build.0 = Release|Any CPU
		{02B9AF4A-EA4A-443A-A0EF-2C662C5D1C85}.Release|x64.ActiveCfg = Release|Any CPU
		{02B9AF4A-EA4A-443A-A0EF-2C662C5D1C85}.Release|x64.Build.0 = Release|Any CPU
		{02B9AF4A-EA4A-443A-A0EF-2C662C5D1C85}.Release|x86.ActiveCfg = Release|Any CPU
		{02B9AF4A-EA4A-443A-A0EF-2C662C5D1C85}.Release|x86.Build.0 = Release|Any CPU
		{3A74764F-3433-4547-BA3A-E9559504D711}.Debug|Any CPU.ActiveCfg = Debug|Any CPU
		{3A74764F-3433-4547-BA3A-E9559504D711}.Debug|Any CPU.Build.0 = Debug|Any CPU
		{3A74764F-3433-4547-BA3A-E9559504D711}.Debug|ARM.ActiveCfg = Debug|Any CPU
		{3A74764F-3433-4547-BA3A-E9559504D711}.Debug|ARM.Build.0 = Debug|Any CPU
		{3A74764F-3433-4547-BA3A-E9559504D711}.Debug|x64.ActiveCfg = Debug|Any CPU
		{3A74764F-3433-4547-BA3A-E9559504D711}.Debug|x64.Build.0 = Debug|Any CPU
		{3A74764F-3433-4547-BA3A-E9559504D711}.Debug|x86.ActiveCfg = Debug|Any CPU
		{3A74764F-3433-4547-BA3A-E9559504D711}.Debug|x86.Build.0 = Debug|Any CPU
		{3A74764F-3433-4547-BA3A-E9559504D711}.Release|Any CPU.ActiveCfg = Release|Any CPU
		{3A74764F-3433-4547-BA3A-E9559504D711}.Release|Any CPU.Build.0 = Release|Any CPU
		{3A74764F-3433-4547-BA3A-E9559504D711}.Release|ARM.ActiveCfg = Release|Any CPU
		{3A74764F-3433-4547-BA3A-E9559504D711}.Release|ARM.Build.0 = Release|Any CPU
		{3A74764F-3433-4547-BA3A-E9559504D711}.Release|x64.ActiveCfg = Release|Any CPU
		{3A74764F-3433-4547-BA3A-E9559504D711}.Release|x64.Build.0 = Release|Any CPU
		{3A74764F-3433-4547-BA3A-E9559504D711}.Release|x86.ActiveCfg = Release|Any CPU
		{3A74764F-3433-4547-BA3A-E9559504D711}.Release|x86.Build.0 = Release|Any CPU
	EndGlobalSection
	GlobalSection(SolutionProperties) = preSolution
		HideSolutionNode = FALSE
	EndGlobalSection
	GlobalSection(NestedProjects) = preSolution
		{BED52461-70D8-4D55-98B3-11D5377CF919} = {E52A3847-0247-47E5-8409-69F5B7B3955E}
		{AAC905C0-9DF1-4478-A176-EE46D1560DFB} = {E52A3847-0247-47E5-8409-69F5B7B3955E}
		{03D16D16-9884-4CF8-A22D-DAD27B61D928} = {E52A3847-0247-47E5-8409-69F5B7B3955E}
		{02B9AF4A-EA4A-443A-A0EF-2C662C5D1C85} = {E52A3847-0247-47E5-8409-69F5B7B3955E}
		{3A74764F-3433-4547-BA3A-E9559504D711} = {E52A3847-0247-47E5-8409-69F5B7B3955E}
	EndGlobalSection
EndGlobal
